
Microsoft Visual Studio Solution File, Format Version 12.00
# Visual Studio Version 16
VisualStudioVersion = 16.0.29424.173
MinimumVisualStudioVersion = 10.0.40219.1
Project("{FAE04EC0-301F-11D3-BF4B-00C04F79EFBC}") = "NewYearChaos", "NewYearChaos.csproj", "{829F7F9B-F3D5-4C5A-A482-344B33539C24}"
EndProject
Global
	GlobalSection(SolutionConfigurationPlatforms) = preSolution
		Debug|Any CPU = Debug|Any CPU
		Release|Any CPU = Release|Any CPU
	EndGlobalSection
	GlobalSection(ProjectConfigurationPlatforms) = postSolution
		{829F7F9B-F3D5-4C5A-A482-344B33539C24}.Debug|Any CPU.ActiveCfg = Debug|Any CPU
		{829F7F9B-F3D5-4C5A-A482-344B33539C24}.Debug|Any CPU.Build.0 = Debug|Any CPU
		{829F7F9B-F3D5-4C5A-A482-344B33539C24}.Release|Any CPU.ActiveCfg = Release|Any CPU
		{829F7F9B-F3D5-4C5A-A482-344B33539C24}.Release|Any CPU.Build.0 = Release|Any CPU
	EndGlobalSection
	GlobalSection(SolutionProperties) = preSolution
		HideSolutionNode = FALSE
	EndGlobalSection
	GlobalSection(ExtensibilityGlobals) = postSolution
		SolutionGuid = {5671E5F5-35CB-4A9A-866E-ADB7CF15E790}
	EndGlobalSection
EndGlobal
